// !$*UTF8*$!
{
	archiveVersion = 1;
	classes = {
	};
	objectVersion = 46;
	objects = {

/* Begin PBXBuildFile section */
		16B5BF4E29104B8FAE8086EF /* Entypo.ttf in Resources */ = {isa = PBXBuildFile; fileRef = 4AA4EFAC62984CE88C894C92 /* Entypo.ttf */; };
		1C705C492270357000A09512 /* Images-2.xcassets in Resources */ = {isa = PBXBuildFile; fileRef = 1C705C482270357000A09512 /* Images-2.xcassets */; };
		1CA88DA822698A7500968568 /* StoreKit.framework in Frameworks */ = {isa = PBXBuildFile; fileRef = 1CA88DA722698A7500968568 /* StoreKit.framework */; };
		230021C22270054C000B32E8 /* RewardedVideo.m in Sources */ = {isa = PBXBuildFile; fileRef = 230021C12270054C000B32E8 /* RewardedVideo.m */; };
		4E4511BD5AE247F89B4077F0 /* EvilIcons.ttf in Resources */ = {isa = PBXBuildFile; fileRef = 74FC6CAF4797413CAE6DE87E /* EvilIcons.ttf */; };
		523EE9E84E3548D2B1A59F92 /* FontAwesome.ttf in Resources */ = {isa = PBXBuildFile; fileRef = D3AEA643E2CD431D8FA68733 /* FontAwesome.ttf */; };
		5A8D876FBC4145D7995C5428 /* MaterialIcons.ttf in Resources */ = {isa = PBXBuildFile; fileRef = 775256826FCB4470B00BA2DB /* MaterialIcons.ttf */; };
		617C20940402466392FDB41E /* Foundation.ttf in Resources */ = {isa = PBXBuildFile; fileRef = 851CA9EFB6E84F43AD0DD0B4 /* Foundation.ttf */; };
		6F5CD5BCAF374ADF9B7FBAA4 /* Feather.ttf in Resources */ = {isa = PBXBuildFile; fileRef = DBBB2F3D0FB0404EA8C3763B /* Feather.ttf */; };
		865F46903C2F4FC79D58F331 /* SimpleLineIcons.ttf in Resources */ = {isa = PBXBuildFile; fileRef = 55285EBF23134ECCA325922D /* SimpleLineIcons.ttf */; };
		888C560826E2220800B95FF3 /* GoogleService-Info.plist in Resources */ = {isa = PBXBuildFile; fileRef = 888C560726E2220800B95FF3 /* GoogleService-Info.plist */; };
		88AA855026B947D3002B87A5 /* InfoPlist.strings in Resources */ = {isa = PBXBuildFile; fileRef = 88AA855226B947D3002B87A5 /* InfoPlist.strings */; };
		8B78351C3A6B419C9D50EE3C /* AntDesign.ttf in Resources */ = {isa = PBXBuildFile; fileRef = F8EEE6E32C004CBA8ABFBE1D /* AntDesign.ttf */; };
		9713E0A7EEE74FD7A1BCC6FB /* Ionicons.ttf in Resources */ = {isa = PBXBuildFile; fileRef = BE2D3109ECE1464891C9F408 /* Ionicons.ttf */; };
		98E25016F5A741FE89EE42EA /* FontAwesome5_Regular.ttf in Resources */ = {isa = PBXBuildFile; fileRef = EBC4DD76ACD648DB990443B1 /* FontAwesome5_Regular.ttf */; };
		AB4D24A287674335960153A4 /* Roboto_medium.ttf in Resources */ = {isa = PBXBuildFile; fileRef = 821F83FD2A2245C499E1B6C7 /* Roboto_medium.ttf */; };
		B31BB0E0DEAB401DB1635228 /* FontAwesome5_Solid.ttf in Resources */ = {isa = PBXBuildFile; fileRef = 17FC000CD90D42B08394CEF3 /* FontAwesome5_Solid.ttf */; };
		B501732B1DC01252003445D9 /* EXShell.plist in Resources */ = {isa = PBXBuildFile; fileRef = B501732A1DC01252003445D9 /* EXShell.plist */; };
		B56386491DB9693800A0598C /* AppDelegate.m in Sources */ = {isa = PBXBuildFile; fileRef = B56386481DB9693800A0598C /* AppDelegate.m */; };
		B56386511DB9693800A0598C /* Assets.xcassets in Resources */ = {isa = PBXBuildFile; fileRef = B56386501DB9693800A0598C /* Assets.xcassets */; };
		B56386611DB96A5E00A0598C /* main.m in Sources */ = {isa = PBXBuildFile; fileRef = B563865E1DB96A5E00A0598C /* main.m */; };
		B56386671DB9994300A0598C /* EXSDKVersions.plist in Resources */ = {isa = PBXBuildFile; fileRef = B56386661DB9994300A0598C /* EXSDKVersions.plist */; };
		B5693E8E1FABD16A00307FA4 /* LaunchScreen.xib in Resources */ = {isa = PBXBuildFile; fileRef = B5693E8D1FABD16A00307FA4 /* LaunchScreen.xib */; };
		B5693E911FABD46800307FA4 /* launch_background_image.png in Resources */ = {isa = PBXBuildFile; fileRef = B5693E8F1FABD46800307FA4 /* launch_background_image.png */; };
		B5693E921FABD46800307FA4 /* launch_icon.png in Resources */ = {isa = PBXBuildFile; fileRef = B5693E901FABD46800307FA4 /* launch_icon.png */; };
		B5CFBF4F1EDE419400B4BE24 /* EXBuildConstants.plist in Resources */ = {isa = PBXBuildFile; fileRef = B5CFBF4E1EDE419400B4BE24 /* EXBuildConstants.plist */; };
		B5DB04801F3A684600E91581 /* shell-app-manifest.json in Resources */ = {isa = PBXBuildFile; fileRef = B5DB047E1F3A684600E91581 /* shell-app-manifest.json */; };
		B5DB04811F3A684600E91581 /* shell-app.bundle in Resources */ = {isa = PBXBuildFile; fileRef = B5DB047F1F3A684600E91581 /* shell-app.bundle */; };
		BB2C971CDA4142D8B672D2B3 /* Octicons.ttf in Resources */ = {isa = PBXBuildFile; fileRef = 0ECD3273E4174F448B547E61 /* Octicons.ttf */; };
		C41F50F8B04746D88EB17BF5 /* Zocial.ttf in Resources */ = {isa = PBXBuildFile; fileRef = 6D754C58F2484B918B422402 /* Zocial.ttf */; };
		DCBB1F42DBE646A493180662 /* rubicon-icon-font.ttf in Resources */ = {isa = PBXBuildFile; fileRef = 13B128B5917B40BF953D1B88 /* rubicon-icon-font.ttf */; };
		E4396488FAC5495C8F728887 /* Roboto.ttf in Resources */ = {isa = PBXBuildFile; fileRef = 49F2E75DAF4142BCB5E3D40F /* Roboto.ttf */; };
		EA3512E572D246CA83B8BDCE /* FontAwesome5_Brands.ttf in Resources */ = {isa = PBXBuildFile; fileRef = EE69F48ED9A64E6CB8C5DF5D /* FontAwesome5_Brands.ttf */; };
		EC59C6CF3DAD4247B033604C /* MaterialCommunityIcons.ttf in Resources */ = {isa = PBXBuildFile; fileRef = A92788B2064341EE9CD22913 /* MaterialCommunityIcons.ttf */; };
		F51B38C8B94179B04C84E60A /* libPods-tanzak.a in Frameworks */ = {isa = PBXBuildFile; fileRef = 1E1D51EAB87457A051DEFE3A /* libPods-tanzak.a */; };
/* End PBXBuildFile section */

/* Begin PBXContainerItemProxy section */
		8E9D2E4A2292920600929692 /* PBXContainerItemProxy */ = {
			isa = PBXContainerItemProxy;
			containerPortal = 01F1FEFD37604DA4999D9E5F /* RNFirebase.xcodeproj */;
			proxyType = 2;
			remoteGlobalIDString = 134814201AA4EA6300B7C361;
			remoteInfo = RNFirebase;
		};
/* End PBXContainerItemProxy section */

/* Begin PBXFileReference section */
		01F1FEFD37604DA4999D9E5F /* RNFirebase.xcodeproj */ = {isa = PBXFileReference; explicitFileType = undefined; fileEncoding = 9; includeInIndex = 0; lastKnownFileType = "wrapper.pb-project"; name = RNFirebase.xcodeproj; path = "../node_modules/react-native-firebase/ios/RNFirebase.xcodeproj"; sourceTree = "<group>"; };
		08712972AEB828410C703E0D /* Pods-tanzak.debug.xcconfig */ = {isa = PBXFileReference; includeInIndex = 1; lastKnownFileType = text.xcconfig; name = "Pods-tanzak.debug.xcconfig"; path = "Pods/Target Support Files/Pods-tanzak/Pods-tanzak.debug.xcconfig"; sourceTree = "<group>"; };
		0ECD3273E4174F448B547E61 /* Octicons.ttf */ = {isa = PBXFileReference; explicitFileType = undefined; fileEncoding = 9; includeInIndex = 0; lastKnownFileType = unknown; name = Octicons.ttf; path = "../node_modules/native-base/Fonts/Octicons.ttf"; sourceTree = "<group>"; };
		13B128B5917B40BF953D1B88 /* rubicon-icon-font.ttf */ = {isa = PBXFileReference; explicitFileType = undefined; fileEncoding = 9; includeInIndex = 0; lastKnownFileType = unknown; name = "rubicon-icon-font.ttf"; path = "../node_modules/native-base/Fonts/rubicon-icon-font.ttf"; sourceTree = "<group>"; };
		17FC000CD90D42B08394CEF3 /* FontAwesome5_Solid.ttf */ = {isa = PBXFileReference; explicitFileType = undefined; fileEncoding = 9; includeInIndex = 0; lastKnownFileType = unknown; name = FontAwesome5_Solid.ttf; path = "../node_modules/native-base/Fonts/FontAwesome5_Solid.ttf"; sourceTree = "<group>"; };
		1C705C482270357000A09512 /* Images-2.xcassets */ = {isa = PBXFileReference; lastKnownFileType = folder.assetcatalog; path = "Images-2.xcassets"; sourceTree = "<group>"; };
		1CA88DA722698A7500968568 /* StoreKit.framework */ = {isa = PBXFileReference; lastKnownFileType = wrapper.framework; name = StoreKit.framework; path = System/Library/Frameworks/StoreKit.framework; sourceTree = SDKROOT; };
		1CA88DA922698A9700968568 /* tanzak.entitlements */ = {isa = PBXFileReference; lastKnownFileType = text.plist.entitlements; path = tanzak.entitlements; sourceTree = "<group>"; };
		1E1D51EAB87457A051DEFE3A /* libPods-tanzak.a */ = {isa = PBXFileReference; explicitFileType = archive.ar; includeInIndex = 0; path = "libPods-tanzak.a"; sourceTree = BUILT_PRODUCTS_DIR; };
		230021BA2270004C000B32E8 /* RNAppLovinRewarded.h */ = {isa = PBXFileReference; fileEncoding = 4; lastKnownFileType = sourcecode.c.h; path = RNAppLovinRewarded.h; sourceTree = "<group>"; };
		230021C02270054C000B32E8 /* RewardedVideo.h */ = {isa = PBXFileReference; lastKnownFileType = sourcecode.c.h; path = RewardedVideo.h; sourceTree = "<group>"; };
		230021C12270054C000B32E8 /* RewardedVideo.m */ = {isa = PBXFileReference; lastKnownFileType = sourcecode.c.objc; path = RewardedVideo.m; sourceTree = "<group>"; };
		49F2E75DAF4142BCB5E3D40F /* Roboto.ttf */ = {isa = PBXFileReference; explicitFileType = undefined; fileEncoding = 9; includeInIndex = 0; lastKnownFileType = unknown; name = Roboto.ttf; path = "../node_modules/native-base/Fonts/Roboto.ttf"; sourceTree = "<group>"; };
		4AA4EFAC62984CE88C894C92 /* Entypo.ttf */ = {isa = PBXFileReference; explicitFileType = undefined; fileEncoding = 9; includeInIndex = 0; lastKnownFileType = unknown; name = Entypo.ttf; path = "../node_modules/native-base/Fonts/Entypo.ttf"; sourceTree = "<group>"; };
		55285EBF23134ECCA325922D /* SimpleLineIcons.ttf */ = {isa = PBXFileReference; explicitFileType = undefined; fileEncoding = 9; includeInIndex = 0; lastKnownFileType = unknown; name = SimpleLineIcons.ttf; path = "../node_modules/native-base/Fonts/SimpleLineIcons.ttf"; sourceTree = "<group>"; };
		6D754C58F2484B918B422402 /* Zocial.ttf */ = {isa = PBXFileReference; explicitFileType = undefined; fileEncoding = 9; includeInIndex = 0; lastKnownFileType = unknown; name = Zocial.ttf; path = "../node_modules/native-base/Fonts/Zocial.ttf"; sourceTree = "<group>"; };
		74FC6CAF4797413CAE6DE87E /* EvilIcons.ttf */ = {isa = PBXFileReference; explicitFileType = undefined; fileEncoding = 9; includeInIndex = 0; lastKnownFileType = unknown; name = EvilIcons.ttf; path = "../node_modules/native-base/Fonts/EvilIcons.ttf"; sourceTree = "<group>"; };
		775256826FCB4470B00BA2DB /* MaterialIcons.ttf */ = {isa = PBXFileReference; explicitFileType = undefined; fileEncoding = 9; includeInIndex = 0; lastKnownFileType = unknown; name = MaterialIcons.ttf; path = "../node_modules/native-base/Fonts/MaterialIcons.ttf"; sourceTree = "<group>"; };
		821F83FD2A2245C499E1B6C7 /* Roboto_medium.ttf */ = {isa = PBXFileReference; explicitFileType = undefined; fileEncoding = 9; includeInIndex = 0; lastKnownFileType = unknown; name = Roboto_medium.ttf; path = "../node_modules/native-base/Fonts/Roboto_medium.ttf"; sourceTree = "<group>"; };
		851CA9EFB6E84F43AD0DD0B4 /* Foundation.ttf */ = {isa = PBXFileReference; explicitFileType = undefined; fileEncoding = 9; includeInIndex = 0; lastKnownFileType = unknown; name = Foundation.ttf; path = "../node_modules/native-base/Fonts/Foundation.ttf"; sourceTree = "<group>"; };
		888C560726E2220800B95FF3 /* GoogleService-Info.plist */ = {isa = PBXFileReference; fileEncoding = 4; lastKnownFileType = text.plist.xml; path = "GoogleService-Info.plist"; sourceTree = "<group>"; };
		88AA855126B947D3002B87A5 /* English */ = {isa = PBXFileReference; lastKnownFileType = text.plist.strings; name = English; path = English.lproj/InfoPlist.strings; sourceTree = "<group>"; };
		88AA855426B948DA002B87A5 /* ja */ = {isa = PBXFileReference; lastKnownFileType = text.plist.strings; name = ja; path = ja.lproj/InfoPlist.strings; sourceTree = "<group>"; };
		A92788B2064341EE9CD22913 /* MaterialCommunityIcons.ttf */ = {isa = PBXFileReference; explicitFileType = undefined; fileEncoding = 9; includeInIndex = 0; lastKnownFileType = unknown; name = MaterialCommunityIcons.ttf; path = "../node_modules/native-base/Fonts/MaterialCommunityIcons.ttf"; sourceTree = "<group>"; };
		B501732A1DC01252003445D9 /* EXShell.plist */ = {isa = PBXFileReference; fileEncoding = 4; lastKnownFileType = text.plist.xml; path = EXShell.plist; sourceTree = "<group>"; };
		B56386411DB9693800A0598C /* TanZak Staging.app */ = {isa = PBXFileReference; explicitFileType = wrapper.application; includeInIndex = 0; path = "TanZak Staging.app"; sourceTree = BUILT_PRODUCTS_DIR; };
		B56386471DB9693800A0598C /* AppDelegate.h */ = {isa = PBXFileReference; lastKnownFileType = sourcecode.c.h; path = AppDelegate.h; sourceTree = "<group>"; };
		B56386481DB9693800A0598C /* AppDelegate.m */ = {isa = PBXFileReference; lastKnownFileType = sourcecode.c.objc; path = AppDelegate.m; sourceTree = "<group>"; };
		B56386501DB9693800A0598C /* Assets.xcassets */ = {isa = PBXFileReference; lastKnownFileType = folder.assetcatalog; path = Assets.xcassets; sourceTree = "<group>"; };
		B563865C1DB96A5E00A0598C /* Info.plist */ = {isa = PBXFileReference; fileEncoding = 4; lastKnownFileType = text.plist.xml; path = Info.plist; sourceTree = "<group>"; };
		B563865E1DB96A5E00A0598C /* main.m */ = {isa = PBXFileReference; fileEncoding = 4; lastKnownFileType = sourcecode.c.objc; path = main.m; sourceTree = "<group>"; };
		B56386661DB9994300A0598C /* EXSDKVersions.plist */ = {isa = PBXFileReference; fileEncoding = 4; lastKnownFileType = text.plist.xml; path = EXSDKVersions.plist; sourceTree = "<group>"; };
		B5693E8D1FABD16A00307FA4 /* LaunchScreen.xib */ = {isa = PBXFileReference; fileEncoding = 4; lastKnownFileType = file.xib; path = LaunchScreen.xib; sourceTree = "<group>"; };
		B5693E8F1FABD46800307FA4 /* launch_background_image.png */ = {isa = PBXFileReference; lastKnownFileType = image.png; path = launch_background_image.png; sourceTree = "<group>"; };
		B5693E901FABD46800307FA4 /* launch_icon.png */ = {isa = PBXFileReference; lastKnownFileType = image.png; path = launch_icon.png; sourceTree = "<group>"; };
		B5CFBF4E1EDE419400B4BE24 /* EXBuildConstants.plist */ = {isa = PBXFileReference; fileEncoding = 4; lastKnownFileType = text.plist.xml; path = EXBuildConstants.plist; sourceTree = "<group>"; };
		B5DB047E1F3A684600E91581 /* shell-app-manifest.json */ = {isa = PBXFileReference; fileEncoding = 4; lastKnownFileType = text.json; path = "shell-app-manifest.json"; sourceTree = "<group>"; };
		B5DB047F1F3A684600E91581 /* shell-app.bundle */ = {isa = PBXFileReference; fileEncoding = 4; lastKnownFileType = text; path = "shell-app.bundle"; sourceTree = "<group>"; };
		B7F2B55FA994A16E0B8A2E1F /* Pods-tanzak.release.xcconfig */ = {isa = PBXFileReference; includeInIndex = 1; lastKnownFileType = text.xcconfig; name = "Pods-tanzak.release.xcconfig"; path = "Pods/Target Support Files/Pods-tanzak/Pods-tanzak.release.xcconfig"; sourceTree = "<group>"; };
		BE2D3109ECE1464891C9F408 /* Ionicons.ttf */ = {isa = PBXFileReference; explicitFileType = undefined; fileEncoding = 9; includeInIndex = 0; lastKnownFileType = unknown; name = Ionicons.ttf; path = "../node_modules/native-base/Fonts/Ionicons.ttf"; sourceTree = "<group>"; };
		BF43BC0E09F04D71878BC5B3 /* libRNFirebase.a */ = {isa = PBXFileReference; explicitFileType = undefined; fileEncoding = 9; includeInIndex = 0; lastKnownFileType = archive.ar; path = libRNFirebase.a; sourceTree = "<group>"; };
		D3AEA643E2CD431D8FA68733 /* FontAwesome.ttf */ = {isa = PBXFileReference; explicitFileType = undefined; fileEncoding = 9; includeInIndex = 0; lastKnownFileType = unknown; name = FontAwesome.ttf; path = "../node_modules/native-base/Fonts/FontAwesome.ttf"; sourceTree = "<group>"; };
		DBBB2F3D0FB0404EA8C3763B /* Feather.ttf */ = {isa = PBXFileReference; explicitFileType = undefined; fileEncoding = 9; includeInIndex = 0; lastKnownFileType = unknown; name = Feather.ttf; path = "../node_modules/native-base/Fonts/Feather.ttf"; sourceTree = "<group>"; };
		EBC4DD76ACD648DB990443B1 /* FontAwesome5_Regular.ttf */ = {isa = PBXFileReference; explicitFileType = undefined; fileEncoding = 9; includeInIndex = 0; lastKnownFileType = unknown; name = FontAwesome5_Regular.ttf; path = "../node_modules/native-base/Fonts/FontAwesome5_Regular.ttf"; sourceTree = "<group>"; };
		EE69F48ED9A64E6CB8C5DF5D /* FontAwesome5_Brands.ttf */ = {isa = PBXFileReference; explicitFileType = undefined; fileEncoding = 9; includeInIndex = 0; lastKnownFileType = unknown; name = FontAwesome5_Brands.ttf; path = "../node_modules/native-base/Fonts/FontAwesome5_Brands.ttf"; sourceTree = "<group>"; };
		F8EEE6E32C004CBA8ABFBE1D /* AntDesign.ttf */ = {isa = PBXFileReference; explicitFileType = undefined; fileEncoding = 9; includeInIndex = 0; lastKnownFileType = unknown; name = AntDesign.ttf; path = "../node_modules/native-base/Fonts/AntDesign.ttf"; sourceTree = "<group>"; };
/* End PBXFileReference section */

/* Begin PBXFrameworksBuildPhase section */
		B563863E1DB9693800A0598C /* Frameworks */ = {
			isa = PBXFrameworksBuildPhase;
			buildActionMask = 2147483647;
			files = (
				1CA88DA822698A7500968568 /* StoreKit.framework in Frameworks */,
				F51B38C8B94179B04C84E60A /* libPods-tanzak.a in Frameworks */,
			);
			runOnlyForDeploymentPostprocessing = 0;
		};
/* End PBXFrameworksBuildPhase section */

/* Begin PBXGroup section */
		23FFC1D522715B7000BD796A /* Recovered References */ = {
			isa = PBXGroup;
			children = (
				1CA88DA722698A7500968568 /* StoreKit.framework */,
				BF43BC0E09F04D71878BC5B3 /* libRNFirebase.a */,
			);
			name = "Recovered References";
			sourceTree = "<group>";
		};
		8E9D2E472292920600929692 /* Products */ = {
			isa = PBXGroup;
			children = (
				8E9D2E4B2292920600929692 /* libRNFirebase.a */,
			);
			name = Products;
			sourceTree = "<group>";
		};
		B56386381DB9693800A0598C = {
			isa = PBXGroup;
			children = (
				B56386431DB9693800A0598C /* tanzak */,
				B56386421DB9693800A0598C /* Products */,
				C71DF0303A9C4A6F8717AACF /* Resources */,
				D65E340F6276F545761F5849 /* Pods */,
				F9E57082BAED859ED0A6DD0F /* Frameworks */,
				23FFC1D522715B7000BD796A /* Recovered References */,
				FEF7645089C142C984D6EF96 /* Libraries */,
			);
			sourceTree = "<group>";
		};
		B56386421DB9693800A0598C /* Products */ = {
			isa = PBXGroup;
			children = (
				B56386411DB9693800A0598C /* TanZak Staging.app */,
			);
			name = Products;
			sourceTree = "<group>";
		};
		B56386431DB9693800A0598C /* tanzak */ = {
			isa = PBXGroup;
			children = (
				888C560726E2220800B95FF3 /* GoogleService-Info.plist */,
				1CA88DA922698A9700968568 /* tanzak.entitlements */,
				230021BA2270004C000B32E8 /* RNAppLovinRewarded.h */,
				B56386471DB9693800A0598C /* AppDelegate.h */,
				B56386481DB9693800A0598C /* AppDelegate.m */,
				B56386501DB9693800A0598C /* Assets.xcassets */,
				B563865B1DB96A5E00A0598C /* Supporting */,
				230021C02270054C000B32E8 /* RewardedVideo.h */,
				230021C12270054C000B32E8 /* RewardedVideo.m */,
				1C705C482270357000A09512 /* Images-2.xcassets */,
				88AA855226B947D3002B87A5 /* InfoPlist.strings */,
			);
			path = tanzak;
			sourceTree = "<group>";
		};
		B563865B1DB96A5E00A0598C /* Supporting */ = {
			isa = PBXGroup;
			children = (
				B5693E8F1FABD46800307FA4 /* launch_background_image.png */,
				B5693E901FABD46800307FA4 /* launch_icon.png */,
				B5693E8D1FABD16A00307FA4 /* LaunchScreen.xib */,
				B5DB047E1F3A684600E91581 /* shell-app-manifest.json */,
				B5DB047F1F3A684600E91581 /* shell-app.bundle */,
				B5CFBF4E1EDE419400B4BE24 /* EXBuildConstants.plist */,
				B501732A1DC01252003445D9 /* EXShell.plist */,
				B56386661DB9994300A0598C /* EXSDKVersions.plist */,
				B563865C1DB96A5E00A0598C /* Info.plist */,
				B563865E1DB96A5E00A0598C /* main.m */,
			);
			path = Supporting;
			sourceTree = "<group>";
		};
		C71DF0303A9C4A6F8717AACF /* Resources */ = {
			isa = PBXGroup;
			children = (
				F8EEE6E32C004CBA8ABFBE1D /* AntDesign.ttf */,
				4AA4EFAC62984CE88C894C92 /* Entypo.ttf */,
				74FC6CAF4797413CAE6DE87E /* EvilIcons.ttf */,
				DBBB2F3D0FB0404EA8C3763B /* Feather.ttf */,
				D3AEA643E2CD431D8FA68733 /* FontAwesome.ttf */,
				EE69F48ED9A64E6CB8C5DF5D /* FontAwesome5_Brands.ttf */,
				EBC4DD76ACD648DB990443B1 /* FontAwesome5_Regular.ttf */,
				17FC000CD90D42B08394CEF3 /* FontAwesome5_Solid.ttf */,
				851CA9EFB6E84F43AD0DD0B4 /* Foundation.ttf */,
				BE2D3109ECE1464891C9F408 /* Ionicons.ttf */,
				A92788B2064341EE9CD22913 /* MaterialCommunityIcons.ttf */,
				775256826FCB4470B00BA2DB /* MaterialIcons.ttf */,
				0ECD3273E4174F448B547E61 /* Octicons.ttf */,
				821F83FD2A2245C499E1B6C7 /* Roboto_medium.ttf */,
				49F2E75DAF4142BCB5E3D40F /* Roboto.ttf */,
				13B128B5917B40BF953D1B88 /* rubicon-icon-font.ttf */,
				55285EBF23134ECCA325922D /* SimpleLineIcons.ttf */,
				6D754C58F2484B918B422402 /* Zocial.ttf */,
			);
			name = Resources;
			sourceTree = "<group>";
		};
		D65E340F6276F545761F5849 /* Pods */ = {
			isa = PBXGroup;
			children = (
				08712972AEB828410C703E0D /* Pods-tanzak.debug.xcconfig */,
				B7F2B55FA994A16E0B8A2E1F /* Pods-tanzak.release.xcconfig */,
			);
			name = Pods;
			sourceTree = "<group>";
		};
		F9E57082BAED859ED0A6DD0F /* Frameworks */ = {
			isa = PBXGroup;
			children = (
				1E1D51EAB87457A051DEFE3A /* libPods-tanzak.a */,
			);
			name = Frameworks;
			sourceTree = "<group>";
		};
		FEF7645089C142C984D6EF96 /* Libraries */ = {
			isa = PBXGroup;
			children = (
				01F1FEFD37604DA4999D9E5F /* RNFirebase.xcodeproj */,
			);
			name = Libraries;
			sourceTree = "<group>";
		};
/* End PBXGroup section */

/* Begin PBXNativeTarget section */
		B56386401DB9693800A0598C /* tanzak */ = {
			isa = PBXNativeTarget;
			buildConfigurationList = B56386581DB9693800A0598C /* Build configuration list for PBXNativeTarget "tanzak" */;
			buildPhases = (
				5823BD8F8F2105C5EAD68079 /* [CP] Check Pods Manifest.lock */,
				B5722AD01DFB7E3F0084848F /* Prepare Expo */,
				B563863D1DB9693800A0598C /* Sources */,
				B563863E1DB9693800A0598C /* Frameworks */,
				B563863F1DB9693800A0598C /* Resources */,
				19D233B7204FDD7D0087ED51 /* Bundle Expo Assets */,
				2B936AF1CB559BE354B661B6 /* [CP] Copy Pods Resources */,
				1C2EBE8E232753C600170AAA /* ShellScript */,
				B453EDF9B10FEE4F1672D1C8 /* [CP] Embed Pods Frameworks */,
			);
			buildRules = (
			);
			dependencies = (
			);
			name = tanzak;
			productName = tanzak;
			productReference = B56386411DB9693800A0598C /* TanZak Staging.app */;
			productType = "com.apple.product-type.application";
		};
/* End PBXNativeTarget section */

/* Begin PBXProject section */
		B56386391DB9693800A0598C /* Project object */ = {
			isa = PBXProject;
			attributes = {
				LastUpgradeCheck = 900;
				ORGANIZATIONNAME = "650 Industries, Inc.";
				TargetAttributes = {
					B56386401DB9693800A0598C = {
						CreatedOnToolsVersion = 8.0;
						DevelopmentTeam = WB823MC223;
						LastSwiftMigration = 1020;
						ProvisioningStyle = Automatic;
						SystemCapabilities = {
							com.apple.ApplePay = {
								enabled = 1;
							};
							com.apple.BackgroundModes = {
								enabled = 1;
							};
							com.apple.InAppPurchase = {
								enabled = 1;
							};
							com.apple.Push = {
								enabled = 1;
							};
							com.apple.SafariKeychain = {
								enabled = 1;
							};
						};
					};
				};
			};
			buildConfigurationList = B563863C1DB9693800A0598C /* Build configuration list for PBXProject "tanzak" */;
			compatibilityVersion = "Xcode 3.2";
			developmentRegion = English;
			hasScannedForEncodings = 0;
			knownRegions = (
				English,
				en,
				Base,
				ja,
			);
			mainGroup = B56386381DB9693800A0598C;
			productRefGroup = B56386421DB9693800A0598C /* Products */;
			projectDirPath = "";
			projectReferences = (
				{
					ProductGroup = 8E9D2E472292920600929692 /* Products */;
					ProjectRef = 01F1FEFD37604DA4999D9E5F /* RNFirebase.xcodeproj */;
				},
			);
			projectRoot = "";
			targets = (
				B56386401DB9693800A0598C /* tanzak */,
			);
		};
/* End PBXProject section */

/* Begin PBXReferenceProxy section */
		8E9D2E4B2292920600929692 /* libRNFirebase.a */ = {
			isa = PBXReferenceProxy;
			fileType = archive.ar;
			path = libRNFirebase.a;
			remoteRef = 8E9D2E4A2292920600929692 /* PBXContainerItemProxy */;
			sourceTree = BUILT_PRODUCTS_DIR;
		};
/* End PBXReferenceProxy section */

/* Begin PBXResourcesBuildPhase section */
		B563863F1DB9693800A0598C /* Resources */ = {
			isa = PBXResourcesBuildPhase;
			buildActionMask = 2147483647;
			files = (
				B5693E911FABD46800307FA4 /* launch_background_image.png in Resources */,
				B501732B1DC01252003445D9 /* EXShell.plist in Resources */,
				1C705C492270357000A09512 /* Images-2.xcassets in Resources */,
				B5CFBF4F1EDE419400B4BE24 /* EXBuildConstants.plist in Resources */,
				B56386671DB9994300A0598C /* EXSDKVersions.plist in Resources */,
				B5693E921FABD46800307FA4 /* launch_icon.png in Resources */,
				B5693E8E1FABD16A00307FA4 /* LaunchScreen.xib in Resources */,
				B5DB04801F3A684600E91581 /* shell-app-manifest.json in Resources */,
				B5DB04811F3A684600E91581 /* shell-app.bundle in Resources */,
				B56386511DB9693800A0598C /* Assets.xcassets in Resources */,
				8B78351C3A6B419C9D50EE3C /* AntDesign.ttf in Resources */,
				16B5BF4E29104B8FAE8086EF /* Entypo.ttf in Resources */,
				4E4511BD5AE247F89B4077F0 /* EvilIcons.ttf in Resources */,
				6F5CD5BCAF374ADF9B7FBAA4 /* Feather.ttf in Resources */,
				523EE9E84E3548D2B1A59F92 /* FontAwesome.ttf in Resources */,
				EA3512E572D246CA83B8BDCE /* FontAwesome5_Brands.ttf in Resources */,
				98E25016F5A741FE89EE42EA /* FontAwesome5_Regular.ttf in Resources */,
				888C560826E2220800B95FF3 /* GoogleService-Info.plist in Resources */,
				B31BB0E0DEAB401DB1635228 /* FontAwesome5_Solid.ttf in Resources */,
				88AA855026B947D3002B87A5 /* InfoPlist.strings in Resources */,
				617C20940402466392FDB41E /* Foundation.ttf in Resources */,
				9713E0A7EEE74FD7A1BCC6FB /* Ionicons.ttf in Resources */,
				EC59C6CF3DAD4247B033604C /* MaterialCommunityIcons.ttf in Resources */,
				5A8D876FBC4145D7995C5428 /* MaterialIcons.ttf in Resources */,
				BB2C971CDA4142D8B672D2B3 /* Octicons.ttf in Resources */,
				AB4D24A287674335960153A4 /* Roboto_medium.ttf in Resources */,
				E4396488FAC5495C8F728887 /* Roboto.ttf in Resources */,
				DCBB1F42DBE646A493180662 /* rubicon-icon-font.ttf in Resources */,
				865F46903C2F4FC79D58F331 /* SimpleLineIcons.ttf in Resources */,
				C41F50F8B04746D88EB17BF5 /* Zocial.ttf in Resources */,
			);
			runOnlyForDeploymentPostprocessing = 0;
		};
/* End PBXResourcesBuildPhase section */

/* Begin PBXShellScriptBuildPhase section */
		19D233B7204FDD7D0087ED51 /* Bundle Expo Assets */ = {
			isa = PBXShellScriptBuildPhase;
			buildActionMask = 2147483647;
			files = (
			);
			inputPaths = (
			);
			name = "Bundle Expo Assets";
			outputPaths = (
			);
			runOnlyForDeploymentPostprocessing = 0;
			shellPath = /bin/sh;
			shellScript = "set -eo pipefail\n\nif [ \"$CONFIGURATION\" == \"Debug\" ]; then\n  echo \"Skipping asset bundling in debug mode.\"\n  exit 0\nfi\n\npushd \"${SRCROOT}/..\"\nexport PATH=\"$(if [ -f ~/.expo/PATH ]; then echo $PATH:$(cat ~/.expo/PATH); else echo $PATH; fi)\"\ndest=\"$CONFIGURATION_BUILD_DIR/$UNLOCALIZED_RESOURCES_FOLDER_PATH\"\nexpo bundle-assets --platform ios --dest \"$dest\"\npopd\n";
		};
		1C2EBE8E232753C600170AAA /* ShellScript */ = {
			isa = PBXShellScriptBuildPhase;
			buildActionMask = 2147483647;
			files = (
			);
			inputFileListPaths = (
			);
			inputPaths = (
			);
			outputFileListPaths = (
			);
			outputPaths = (
			);
			runOnlyForDeploymentPostprocessing = 0;
			shellPath = /bin/sh;
			shellScript = "# Type a script or drag a script file from your workspace to insert its path.\n\"${PODS_ROOT}/Fabric/run\"\n";
		};
		2B936AF1CB559BE354B661B6 /* [CP] Copy Pods Resources */ = {
			isa = PBXShellScriptBuildPhase;
			buildActionMask = 2147483647;
			files = (
			);
			inputPaths = (
				"${PODS_ROOT}/Target Support Files/Pods-tanzak/Pods-tanzak-resources.sh",
				"${PODS_ROOT}/Amplitude-iOS/Amplitude/api.amplitude.com.der",
				"${PODS_ROOT}/Amplitude-iOS/Amplitude/ComodoCaLimitedRsaCertificationAuthority.der",
				"${PODS_ROOT}/Amplitude-iOS/Amplitude/ComodoRsaCA.der",
				"${PODS_ROOT}/Amplitude-iOS/Amplitude/ComodoRsaDomainValidationCA.der",
				"${PODS_ROOT}/AppLovinSDK/applovin-ios-sdk-10.3.6/AppLovinSDKResources.bundle",
				"${PODS_ROOT}/GoogleMaps/Maps/Frameworks/GoogleMaps.framework/Resources/GoogleMaps.bundle",
			);
			name = "[CP] Copy Pods Resources";
			outputPaths = (
				"${TARGET_BUILD_DIR}/${UNLOCALIZED_RESOURCES_FOLDER_PATH}/api.amplitude.com.der",
				"${TARGET_BUILD_DIR}/${UNLOCALIZED_RESOURCES_FOLDER_PATH}/ComodoCaLimitedRsaCertificationAuthority.der",
				"${TARGET_BUILD_DIR}/${UNLOCALIZED_RESOURCES_FOLDER_PATH}/ComodoRsaCA.der",
				"${TARGET_BUILD_DIR}/${UNLOCALIZED_RESOURCES_FOLDER_PATH}/ComodoRsaDomainValidationCA.der",
				"${TARGET_BUILD_DIR}/${UNLOCALIZED_RESOURCES_FOLDER_PATH}/AppLovinSDKResources.bundle",
				"${TARGET_BUILD_DIR}/${UNLOCALIZED_RESOURCES_FOLDER_PATH}/GoogleMaps.bundle",
			);
			runOnlyForDeploymentPostprocessing = 0;
			shellPath = /bin/sh;
			shellScript = "\"${PODS_ROOT}/Target Support Files/Pods-tanzak/Pods-tanzak-resources.sh\"\n";
			showEnvVarsInLog = 0;
		};
		5823BD8F8F2105C5EAD68079 /* [CP] Check Pods Manifest.lock */ = {
			isa = PBXShellScriptBuildPhase;
			buildActionMask = 2147483647;
			files = (
			);
			inputFileListPaths = (
			);
			inputPaths = (
				"${PODS_PODFILE_DIR_PATH}/Podfile.lock",
				"${PODS_ROOT}/Manifest.lock",
			);
			name = "[CP] Check Pods Manifest.lock";
			outputFileListPaths = (
			);
			outputPaths = (
				"$(DERIVED_FILE_DIR)/Pods-tanzak-checkManifestLockResult.txt",
			);
			runOnlyForDeploymentPostprocessing = 0;
			shellPath = /bin/sh;
			shellScript = "diff \"${PODS_PODFILE_DIR_PATH}/Podfile.lock\" \"${PODS_ROOT}/Manifest.lock\" > /dev/null\nif [ $? != 0 ] ; then\n    # print error to STDERR\n    echo \"error: The sandbox is not in sync with the Podfile.lock. Run 'pod install' or update your CocoaPods installation.\" >&2\n    exit 1\nfi\n# This output is used by Xcode 'outputs' to avoid re-running this script phase.\necho \"SUCCESS\" > \"${SCRIPT_OUTPUT_FILE_0}\"\n";
			showEnvVarsInLog = 0;
		};
		B453EDF9B10FEE4F1672D1C8 /* [CP] Embed Pods Frameworks */ = {
			isa = PBXShellScriptBuildPhase;
			buildActionMask = 2147483647;
			files = (
			);
			inputPaths = (
				"${PODS_ROOT}/Target Support Files/Pods-tanzak/Pods-tanzak-frameworks.sh",
				"${PODS_XCFRAMEWORKS_BUILD_DIR}/FBSDKCoreKit_Basics/FBSDKCoreKit_Basics.framework/FBSDKCoreKit_Basics",
			);
			name = "[CP] Embed Pods Frameworks";
			outputPaths = (
				"${TARGET_BUILD_DIR}/${FRAMEWORKS_FOLDER_PATH}/FBSDKCoreKit_Basics.framework",
			);
			runOnlyForDeploymentPostprocessing = 0;
			shellPath = /bin/sh;
			shellScript = "\"${PODS_ROOT}/Target Support Files/Pods-tanzak/Pods-tanzak-frameworks.sh\"\n";
			showEnvVarsInLog = 0;
		};
		B5722AD01DFB7E3F0084848F /* Prepare Expo */ = {
			isa = PBXShellScriptBuildPhase;
			buildActionMask = 2147483647;
			files = (
			);
			inputPaths = (
			);
			name = "Prepare Expo";
			outputPaths = (
			);
			runOnlyForDeploymentPostprocessing = 0;
			shellPath = /bin/bash;
			shellScript = "set -eo pipefail\n\npushd \"${SRCROOT}/..\"\nexport PATH=\"$(if [ -f ~/.expo/PATH ]; then echo $PATH:$(cat ~/.expo/PATH); else echo $PATH; fi)\"\nexpo prepare-detached-build --platform ios\npopd\n";
		};
/* End PBXShellScriptBuildPhase section */

/* Begin PBXSourcesBuildPhase section */
		B563863D1DB9693800A0598C /* Sources */ = {
			isa = PBXSourcesBuildPhase;
			buildActionMask = 2147483647;
			files = (
				B56386611DB96A5E00A0598C /* main.m in Sources */,
				B56386491DB9693800A0598C /* AppDelegate.m in Sources */,
				230021C22270054C000B32E8 /* RewardedVideo.m in Sources */,
			);
			runOnlyForDeploymentPostprocessing = 0;
		};
/* End PBXSourcesBuildPhase section */

/* Begin PBXVariantGroup section */
		88AA855226B947D3002B87A5 /* InfoPlist.strings */ = {
			isa = PBXVariantGroup;
			children = (
				88AA855126B947D3002B87A5 /* English */,
				88AA855426B948DA002B87A5 /* ja */,
			);
			name = InfoPlist.strings;
			sourceTree = "<group>";
		};
/* End PBXVariantGroup section */

/* Begin XCBuildConfiguration section */
		B56386561DB9693800A0598C /* Debug */ = {
			isa = XCBuildConfiguration;
			buildSettings = {
				ALWAYS_SEARCH_USER_PATHS = NO;
				CLANG_ANALYZER_NONNULL = YES;
				CLANG_CXX_LANGUAGE_STANDARD = "gnu++0x";
				CLANG_CXX_LIBRARY = "libc++";
				CLANG_ENABLE_MODULES = YES;
				CLANG_ENABLE_OBJC_ARC = YES;
				CLANG_WARN_BLOCK_CAPTURE_AUTORELEASING = YES;
				CLANG_WARN_BOOL_CONVERSION = YES;
				CLANG_WARN_COMMA = YES;
				CLANG_WARN_CONSTANT_CONVERSION = YES;
				CLANG_WARN_DIRECT_OBJC_ISA_USAGE = YES_ERROR;
				CLANG_WARN_DOCUMENTATION_COMMENTS = YES;
				CLANG_WARN_EMPTY_BODY = YES;
				CLANG_WARN_ENUM_CONVERSION = YES;
				CLANG_WARN_INFINITE_RECURSION = YES;
				CLANG_WARN_INT_CONVERSION = YES;
				CLANG_WARN_NON_LITERAL_NULL_CONVERSION = YES;
				CLANG_WARN_OBJC_LITERAL_CONVERSION = YES;
				CLANG_WARN_OBJC_ROOT_CLASS = YES_ERROR;
				CLANG_WARN_RANGE_LOOP_ANALYSIS = YES;
				CLANG_WARN_STRICT_PROTOTYPES = YES;
				CLANG_WARN_SUSPICIOUS_MOVE = YES;
				CLANG_WARN_SUSPICIOUS_MOVES = YES;
				CLANG_WARN_UNREACHABLE_CODE = YES;
				CLANG_WARN__DUPLICATE_METHOD_MATCH = YES;
				"CODE_SIGN_IDENTITY[sdk=iphoneos*]" = "iPhone Developer";
				COPY_PHASE_STRIP = NO;
				DEBUG_INFORMATION_FORMAT = dwarf;
				ENABLE_STRICT_OBJC_MSGSEND = YES;
				ENABLE_TESTABILITY = YES;
				GCC_C_LANGUAGE_STANDARD = gnu99;
				GCC_DYNAMIC_NO_PIC = NO;
				GCC_NO_COMMON_BLOCKS = YES;
				GCC_OPTIMIZATION_LEVEL = 0;
				GCC_PREPROCESSOR_DEFINITIONS = (
					"DEBUG=1",
					"$(inherited)",
				);
				GCC_WARN_64_TO_32_BIT_CONVERSION = YES;
				GCC_WARN_ABOUT_RETURN_TYPE = YES_ERROR;
				GCC_WARN_UNDECLARED_SELECTOR = YES;
				GCC_WARN_UNINITIALIZED_AUTOS = YES_AGGRESSIVE;
				GCC_WARN_UNUSED_FUNCTION = YES;
				GCC_WARN_UNUSED_VARIABLE = YES;
				IPHONEOS_DEPLOYMENT_TARGET = 10.0;
				MTL_ENABLE_DEBUG_INFO = YES;
				ONLY_ACTIVE_ARCH = YES;
				SDKROOT = iphoneos;
			};
			name = Debug;
		};
		B56386571DB9693800A0598C /* Release */ = {
			isa = XCBuildConfiguration;
			buildSettings = {
				ALWAYS_SEARCH_USER_PATHS = NO;
				CLANG_ANALYZER_NONNULL = YES;
				CLANG_CXX_LANGUAGE_STANDARD = "gnu++0x";
				CLANG_CXX_LIBRARY = "libc++";
				CLANG_ENABLE_MODULES = YES;
				CLANG_ENABLE_OBJC_ARC = YES;
				CLANG_WARN_BLOCK_CAPTURE_AUTORELEASING = YES;
				CLANG_WARN_BOOL_CONVERSION = YES;
				CLANG_WARN_COMMA = YES;
				CLANG_WARN_CONSTANT_CONVERSION = YES;
				CLANG_WARN_DIRECT_OBJC_ISA_USAGE = YES_ERROR;
				CLANG_WARN_DOCUMENTATION_COMMENTS = YES;
				CLANG_WARN_EMPTY_BODY = YES;
				CLANG_WARN_ENUM_CONVERSION = YES;
				CLANG_WARN_INFINITE_RECURSION = YES;
				CLANG_WARN_INT_CONVERSION = YES;
				CLANG_WARN_NON_LITERAL_NULL_CONVERSION = YES;
				CLANG_WARN_OBJC_LITERAL_CONVERSION = YES;
				CLANG_WARN_OBJC_ROOT_CLASS = YES_ERROR;
				CLANG_WARN_RANGE_LOOP_ANALYSIS = YES;
				CLANG_WARN_STRICT_PROTOTYPES = YES;
				CLANG_WARN_SUSPICIOUS_MOVE = YES;
				CLANG_WARN_SUSPICIOUS_MOVES = YES;
				CLANG_WARN_UNREACHABLE_CODE = YES;
				CLANG_WARN__DUPLICATE_METHOD_MATCH = YES;
				"CODE_SIGN_IDENTITY[sdk=iphoneos*]" = "iPhone Developer";
				COPY_PHASE_STRIP = NO;
				DEBUG_INFORMATION_FORMAT = "dwarf-with-dsym";
				ENABLE_NS_ASSERTIONS = NO;
				ENABLE_STRICT_OBJC_MSGSEND = YES;
				GCC_C_LANGUAGE_STANDARD = gnu99;
				GCC_NO_COMMON_BLOCKS = YES;
				GCC_WARN_64_TO_32_BIT_CONVERSION = YES;
				GCC_WARN_ABOUT_RETURN_TYPE = YES_ERROR;
				GCC_WARN_UNDECLARED_SELECTOR = YES;
				GCC_WARN_UNINITIALIZED_AUTOS = YES_AGGRESSIVE;
				GCC_WARN_UNUSED_FUNCTION = YES;
				GCC_WARN_UNUSED_VARIABLE = YES;
				IPHONEOS_DEPLOYMENT_TARGET = 10.0;
				MTL_ENABLE_DEBUG_INFO = NO;
				SDKROOT = iphoneos;
				VALIDATE_PRODUCT = YES;
			};
			name = Release;
		};
		B56386591DB9693800A0598C /* Debug */ = {
			isa = XCBuildConfiguration;
			baseConfigurationReference = 08712972AEB828410C703E0D /* Pods-tanzak.debug.xcconfig */;
			buildSettings = {
				ASSETCATALOG_COMPILER_APPICON_NAME = AppIcon;
				ASSETCATALOG_COMPILER_LAUNCHIMAGE_NAME = LaunchImage;
				CLANG_ENABLE_MODULES = YES;
				CODE_SIGN_ENTITLEMENTS = tanzak/tanzak.entitlements;
				CODE_SIGN_IDENTITY = "Apple Development";
				CODE_SIGN_STYLE = Automatic;
				CURRENT_PROJECT_VERSION = 0;
				DEBUG_INFORMATION_FORMAT = "dwarf-with-dsym";
				DEVELOPMENT_TEAM = WB823MC223;
				FRAMEWORK_SEARCH_PATHS = (
					"$(inherited)",
					"$(PROJECT_DIR)",
					"$(PROJECT_DIR)/tanzak",
				);
				HEADER_SEARCH_PATHS = (
					"$(inherited)",
					"${PODS_ROOT}/Firebase/CoreOnly/Sources",
					"\"${PODS_ROOT}/Headers/Public\"",
					"\"${PODS_ROOT}/Headers/Public/Amplitude-iOS\"",
					"\"${PODS_ROOT}/Headers/Public/Analytics\"",
					"\"${PODS_ROOT}/Headers/Public/AppAuth\"",
					"\"${PODS_ROOT}/Headers/Public/AppLovinSDK\"",
					"\"${PODS_ROOT}/Headers/Public/Bolts\"",
					"\"${PODS_ROOT}/Headers/Public/Branch\"",
					"\"${PODS_ROOT}/Headers/Public/CocoaLumberjack\"",
					"\"${PODS_ROOT}/Headers/Public/Crashlytics\"",
					"\"${PODS_ROOT}/Headers/Public/DoubleConversion\"",
					"\"${PODS_ROOT}/Headers/Public/EXAppAuth\"",
					"\"${PODS_ROOT}/Headers/Public/EXAppLoaderProvider\"",
					"\"${PODS_ROOT}/Headers/Public/EXBackgroundFetch\"",
					"\"${PODS_ROOT}/Headers/Public/EXBarCodeScanner\"",
					"\"${PODS_ROOT}/Headers/Public/EXBarCodeScannerInterface\"",
					"\"${PODS_ROOT}/Headers/Public/EXCamera\"",
					"\"${PODS_ROOT}/Headers/Public/EXCameraInterface\"",
					"\"${PODS_ROOT}/Headers/Public/EXConstants\"",
					"\"${PODS_ROOT}/Headers/Public/EXConstantsInterface\"",
					"\"${PODS_ROOT}/Headers/Public/EXContacts\"",
					"\"${PODS_ROOT}/Headers/Public/EXCore\"",
					"\"${PODS_ROOT}/Headers/Public/EXErrors\"",
					"\"${PODS_ROOT}/Headers/Public/EXFaceDetectorInterface\"",
					"\"${PODS_ROOT}/Headers/Public/EXFileSystem\"",
					"\"${PODS_ROOT}/Headers/Public/EXFileSystemInterface\"",
					"\"${PODS_ROOT}/Headers/Public/EXFont\"",
					"\"${PODS_ROOT}/Headers/Public/EXFontInterface\"",
					"\"${PODS_ROOT}/Headers/Public/EXGL\"",
					"\"${PODS_ROOT}/Headers/Public/EXGL-CPP\"",
					"\"${PODS_ROOT}/Headers/Public/EXGoogleSignIn\"",
					"\"${PODS_ROOT}/Headers/Public/EXImageLoaderInterface\"",
					"\"${PODS_ROOT}/Headers/Public/EXLocalAuthentication\"",
					"\"${PODS_ROOT}/Headers/Public/EXLocalization\"",
					"\"${PODS_ROOT}/Headers/Public/EXLocation\"",
					"\"${PODS_ROOT}/Headers/Public/EXMediaLibrary\"",
					"\"${PODS_ROOT}/Headers/Public/EXPermissions\"",
					"\"${PODS_ROOT}/Headers/Public/EXPermissionsInterface\"",
					"\"${PODS_ROOT}/Headers/Public/EXPrint\"",
					"\"${PODS_ROOT}/Headers/Public/EXReactNativeAdapter\"",
					"\"${PODS_ROOT}/Headers/Public/EXSMS\"",
					"\"${PODS_ROOT}/Headers/Public/EXSegment\"",
					"\"${PODS_ROOT}/Headers/Public/EXSensors\"",
					"\"${PODS_ROOT}/Headers/Public/EXSensorsInterface\"",
					"\"${PODS_ROOT}/Headers/Public/EXTaskManager\"",
					"\"${PODS_ROOT}/Headers/Public/EXTaskManagerInterface\"",
					"\"${PODS_ROOT}/Headers/Public/ExpoKit\"",
					"\"${PODS_ROOT}/Headers/Public/FBAudienceNetwork\"",
					"\"${PODS_ROOT}/Headers/Public/FBSDKCoreKit\"",
					"\"${PODS_ROOT}/Headers/Public/FBSDKLoginKit\"",
					"\"${PODS_ROOT}/Headers/Public/FBSDKShareKit\"",
					"\"${PODS_ROOT}/Headers/Public/Fabric\"",
					"\"${PODS_ROOT}/Headers/Public/Firebase\"",
					"\"${PODS_ROOT}/Headers/Public/FirebaseAnalytics\"",
					"\"${PODS_ROOT}/Headers/Public/FirebaseAnalyticsInterop\"",
					"\"${PODS_ROOT}/Headers/Public/FirebaseCore\"",
					"\"${PODS_ROOT}/Headers/Public/FirebaseInstanceID\"",
					"\"${PODS_ROOT}/Headers/Public/FirebaseMessaging\"",
					"\"${PODS_ROOT}/Headers/Public/GTMSessionFetcher\"",
					"\"${PODS_ROOT}/Headers/Public/Google-Maps-iOS-Utils\"",
					"\"${PODS_ROOT}/Headers/Public/Google-Mobile-Ads-SDK\"",
					"\"${PODS_ROOT}/Headers/Public/GoogleMaps\"",
					"\"${PODS_ROOT}/Headers/Public/GoogleSignIn\"",
					"\"${PODS_ROOT}/Headers/Public/GoogleToolboxForMac\"",
					"\"${PODS_ROOT}/Headers/Public/GoogleUtilities\"",
					"\"${PODS_ROOT}/Headers/Public/JKBigInteger2\"",
					"\"${PODS_ROOT}/Headers/Public/Protobuf\"",
					"\"${PODS_ROOT}/Headers/Public/RNDeviceInfo\"",
					"\"${PODS_ROOT}/Headers/Public/React\"",
					"\"${PODS_ROOT}/Headers/Public/glog\"",
					"\"${PODS_ROOT}/Headers/Public/lottie-ios\"",
					"\"${PODS_ROOT}/Headers/Public/nanopb\"",
					"\"${PODS_ROOT}/Headers/Public/react-native-in-app-utils\"",
					"\"${PODS_ROOT}/Headers/Public/react-native-splash-screen\"",
					"\"${PODS_ROOT}/Headers/Public/yoga\"",
					"\"$(SRCROOT)/../node_modules/react-native-firebase/ios/RNFirebase\"\n",
					"\"$(SRCROOT)/../node_modules/react-native-firebase/ios/RNFirebase/messaging\"\n",
					"\"$(SRCROOT)/../node_modules/react-native-firebase/ios/RNFirebase/notifications\"\n",
				);
				INFOPLIST_FILE = "$(SRCROOT)/tanzak/Supporting/Info.plist";
				IPHONEOS_DEPLOYMENT_TARGET = 10.0;
				LD_RUNPATH_SEARCH_PATHS = "$(inherited) @executable_path/Frameworks";
				LIBRARY_SEARCH_PATHS = (
					"$(inherited)",
					"\"$(SRCROOT)/$(TARGET_NAME)\"",
				);
				MARKETING_VERSION = 2.2.5;
				NEW_SETTING = "";
				PRODUCT_BUNDLE_IDENTIFIER = com.bnk.tanzak;
				PRODUCT_NAME = "TanZak Staging";
				SWIFT_OBJC_BRIDGING_HEADER = "tanzak/tanzak-Bridging-Header.h";
				SWIFT_OPTIMIZATION_LEVEL = "-Onone";
				SWIFT_VERSION = 5.0;
				TARGETED_DEVICE_FAMILY = "1,2";
			};
			name = Debug;
		};
		B563865A1DB9693800A0598C /* Release */ = {
			isa = XCBuildConfiguration;
			baseConfigurationReference = B7F2B55FA994A16E0B8A2E1F /* Pods-tanzak.release.xcconfig */;
			buildSettings = {
				ASSETCATALOG_COMPILER_APPICON_NAME = AppIcon;
				ASSETCATALOG_COMPILER_LAUNCHIMAGE_NAME = LaunchImage;
				CLANG_ENABLE_MODULES = YES;
				CODE_SIGN_ENTITLEMENTS = tanzak/tanzak.entitlements;
				CURRENT_PROJECT_VERSION = 0;
				DEBUG_INFORMATION_FORMAT = "dwarf-with-dsym";
				DEVELOPMENT_TEAM = WB823MC223;
				FRAMEWORK_SEARCH_PATHS = (
					"$(inherited)",
					"$(PROJECT_DIR)",
					"$(PROJECT_DIR)/tanzak",
				);
				HEADER_SEARCH_PATHS = (
					"$(inherited)",
					"${PODS_ROOT}/Firebase/CoreOnly/Sources",
					"\"${PODS_ROOT}/Headers/Public\"",
					"\"${PODS_ROOT}/Headers/Public/Amplitude-iOS\"",
					"\"${PODS_ROOT}/Headers/Public/Analytics\"",
					"\"${PODS_ROOT}/Headers/Public/AppAuth\"",
					"\"${PODS_ROOT}/Headers/Public/AppLovinSDK\"",
					"\"${PODS_ROOT}/Headers/Public/Bolts\"",
					"\"${PODS_ROOT}/Headers/Public/Branch\"",
					"\"${PODS_ROOT}/Headers/Public/CocoaLumberjack\"",
					"\"${PODS_ROOT}/Headers/Public/Crashlytics\"",
					"\"${PODS_ROOT}/Headers/Public/DoubleConversion\"",
					"\"${PODS_ROOT}/Headers/Public/EXAppAuth\"",
					"\"${PODS_ROOT}/Headers/Public/EXAppLoaderProvider\"",
					"\"${PODS_ROOT}/Headers/Public/EXBackgroundFetch\"",
					"\"${PODS_ROOT}/Headers/Public/EXBarCodeScanner\"",
					"\"${PODS_ROOT}/Headers/Public/EXBarCodeScannerInterface\"",
					"\"${PODS_ROOT}/Headers/Public/EXCamera\"",
					"\"${PODS_ROOT}/Headers/Public/EXCameraInterface\"",
					"\"${PODS_ROOT}/Headers/Public/EXConstants\"",
					"\"${PODS_ROOT}/Headers/Public/EXConstantsInterface\"",
					"\"${PODS_ROOT}/Headers/Public/EXContacts\"",
					"\"${PODS_ROOT}/Headers/Public/EXCore\"",
					"\"${PODS_ROOT}/Headers/Public/EXErrors\"",
					"\"${PODS_ROOT}/Headers/Public/EXFaceDetectorInterface\"",
					"\"${PODS_ROOT}/Headers/Public/EXFileSystem\"",
					"\"${PODS_ROOT}/Headers/Public/EXFileSystemInterface\"",
					"\"${PODS_ROOT}/Headers/Public/EXFont\"",
					"\"${PODS_ROOT}/Headers/Public/EXFontInterface\"",
					"\"${PODS_ROOT}/Headers/Public/EXGL\"",
					"\"${PODS_ROOT}/Headers/Public/EXGL-CPP\"",
					"\"${PODS_ROOT}/Headers/Public/EXGoogleSignIn\"",
					"\"${PODS_ROOT}/Headers/Public/EXImageLoaderInterface\"",
					"\"${PODS_ROOT}/Headers/Public/EXLocalAuthentication\"",
					"\"${PODS_ROOT}/Headers/Public/EXLocalization\"",
					"\"${PODS_ROOT}/Headers/Public/EXLocation\"",
					"\"${PODS_ROOT}/Headers/Public/EXMediaLibrary\"",
					"\"${PODS_ROOT}/Headers/Public/EXPermissions\"",
					"\"${PODS_ROOT}/Headers/Public/EXPermissionsInterface\"",
					"\"${PODS_ROOT}/Headers/Public/EXPrint\"",
					"\"${PODS_ROOT}/Headers/Public/EXReactNativeAdapter\"",
					"\"${PODS_ROOT}/Headers/Public/EXSMS\"",
					"\"${PODS_ROOT}/Headers/Public/EXSegment\"",
					"\"${PODS_ROOT}/Headers/Public/EXSensors\"",
					"\"${PODS_ROOT}/Headers/Public/EXSensorsInterface\"",
					"\"${PODS_ROOT}/Headers/Public/EXTaskManager\"",
					"\"${PODS_ROOT}/Headers/Public/EXTaskManagerInterface\"",
					"\"${PODS_ROOT}/Headers/Public/ExpoKit\"",
					"\"${PODS_ROOT}/Headers/Public/FBAudienceNetwork\"",
					"\"${PODS_ROOT}/Headers/Public/FBSDKCoreKit\"",
					"\"${PODS_ROOT}/Headers/Public/FBSDKLoginKit\"",
					"\"${PODS_ROOT}/Headers/Public/FBSDKShareKit\"",
					"\"${PODS_ROOT}/Headers/Public/Fabric\"",
					"\"${PODS_ROOT}/Headers/Public/Firebase\"",
					"\"${PODS_ROOT}/Headers/Public/FirebaseAnalytics\"",
					"\"${PODS_ROOT}/Headers/Public/FirebaseAnalyticsInterop\"",
					"\"${PODS_ROOT}/Headers/Public/FirebaseCore\"",
					"\"${PODS_ROOT}/Headers/Public/FirebaseInstanceID\"",
					"\"${PODS_ROOT}/Headers/Public/FirebaseMessaging\"",
					"\"${PODS_ROOT}/Headers/Public/GTMSessionFetcher\"",
					"\"${PODS_ROOT}/Headers/Public/Google-Maps-iOS-Utils\"",
					"\"${PODS_ROOT}/Headers/Public/Google-Mobile-Ads-SDK\"",
					"\"${PODS_ROOT}/Headers/Public/GoogleMaps\"",
					"\"${PODS_ROOT}/Headers/Public/GoogleSignIn\"",
					"\"${PODS_ROOT}/Headers/Public/GoogleToolboxForMac\"",
					"\"${PODS_ROOT}/Headers/Public/GoogleUtilities\"",
					"\"${PODS_ROOT}/Headers/Public/JKBigInteger2\"",
					"\"${PODS_ROOT}/Headers/Public/Protobuf\"",
					"\"${PODS_ROOT}/Headers/Public/RNDeviceInfo\"",
					"\"${PODS_ROOT}/Headers/Public/React\"",
					"\"${PODS_ROOT}/Headers/Public/glog\"",
					"\"${PODS_ROOT}/Headers/Public/lottie-ios\"",
					"\"${PODS_ROOT}/Headers/Public/nanopb\"",
					"\"${PODS_ROOT}/Headers/Public/react-native-in-app-utils\"",
					"\"${PODS_ROOT}/Headers/Public/react-native-splash-screen\"",
					"\"${PODS_ROOT}/Headers/Public/yoga\"",
					"\"$(SRCROOT)/../node_modules/react-native-firebase/ios/RNFirebase\"\n",
					"\"$(SRCROOT)/../node_modules/react-native-firebase/ios/RNFirebase/messaging\"\n",
					"\"$(SRCROOT)/../node_modules/react-native-firebase/ios/RNFirebase/notifications\"\n",
				);
				INFOPLIST_FILE = "$(SRCROOT)/tanzak/Supporting/Info.plist";
				IPHONEOS_DEPLOYMENT_TARGET = 10.0;
				LD_RUNPATH_SEARCH_PATHS = "$(inherited) @executable_path/Frameworks";
				LIBRARY_SEARCH_PATHS = (
					"$(inherited)",
					"\"$(SRCROOT)/$(TARGET_NAME)\"",
				);
				MARKETING_VERSION = 2.2.5;
				NEW_SETTING = "";
				PRODUCT_BUNDLE_IDENTIFIER = com.bnk.tanzak;
				PRODUCT_NAME = "TanZak Staging";
				SWIFT_OBJC_BRIDGING_HEADER = "tanzak/tanzak-Bridging-Header.h";
				SWIFT_VERSION = 5.0;
				TARGETED_DEVICE_FAMILY = "1,2";
			};
			name = Release;
		};
/* End XCBuildConfiguration section */

/* Begin XCConfigurationList section */
		B563863C1DB9693800A0598C /* Build configuration list for PBXProject "tanzak" */ = {
			isa = XCConfigurationList;
			buildConfigurations = (
				B56386561DB9693800A0598C /* Debug */,
				B56386571DB9693800A0598C /* Release */,
			);
			defaultConfigurationIsVisible = 0;
			defaultConfigurationName = Release;
		};
		B56386581DB9693800A0598C /* Build configuration list for PBXNativeTarget "tanzak" */ = {
			isa = XCConfigurationList;
			buildConfigurations = (
				B56386591DB9693800A0598C /* Debug */,
				B563865A1DB9693800A0598C /* Release */,
			);
			defaultConfigurationIsVisible = 0;
			defaultConfigurationName = Release;
		};
/* End XCConfigurationList section */
	};
	rootObject = B56386391DB9693800A0598C /* Project object */;
}
